
Microsoft Visual Studio Solution File, Format Version 12.00
# Visual Studio 15
VisualStudioVersion = 15.0.28010.2003
MinimumVisualStudioVersion = 10.0.40219.1
Project("{FAE04EC0-301F-11D3-BF4B-00C04F79EFBC}") = "MyHelper", "MyHelper\MyHelper.csproj", "{38A9AE17-7603-4208-89D2-5922E82479B7}"
EndProject
Project("{FAE04EC0-301F-11D3-BF4B-00C04F79EFBC}") = "NUnit.MyHelperTests", "NUnit.MyHelperTests\NUnit.MyHelperTests.csproj", "{8EDF4429-251A-416D-BB68-93F227191BCF}"
EndProject
Project("{FAE04EC0-301F-11D3-BF4B-00C04F79EFBC}") = "QRCodeTest", "QRCodeTest\QRCodeTest.csproj", "{02317C94-5588-4333-ABAE-439A38441241}"
EndProject
Project("{FAE04EC0-301F-11D3-BF4B-00C04F79EFBC}") = "Quartz.Net.Test", "Quartz.Net.Test\Quartz.Net.Test.csproj", "{A36651C4-31A3-41C7-A54E-C1DF284FC66A}"
EndProject
Project("{FAE04EC0-301F-11D3-BF4B-00C04F79EFBC}") = "TopShelfTest", "TopShelfTest\TopShelfTest.csproj", "{AC5CB931-8451-4ED4-920D-DCE5213C3C62}"
EndProject
Project("{FAE04EC0-301F-11D3-BF4B-00C04F79EFBC}") = "DapperSample", "Dapper\DapperSample.csproj", "{6E1A071E-06EE-4EBF-ADA4-12D6ACCAE20E}"
EndProject
Project("{FAE04EC0-301F-11D3-BF4B-00C04F79EFBC}") = "ModelValid", "ModelValid\ModelValid.csproj", "{41D8AF71-BCF7-4C91-9BCE-88EAEF3B520F}"
EndProject
Global
	GlobalSection(SolutionConfigurationPlatforms) = preSolution
		Debug|Any CPU = Debug|Any CPU
		Release|Any CPU = Release|Any CPU
	EndGlobalSection
	GlobalSection(ProjectConfigurationPlatforms) = postSolution
		{38A9AE17-7603-4208-89D2-5922E82479B7}.Debug|Any CPU.ActiveCfg = Debug|Any CPU
		{38A9AE17-7603-4208-89D2-5922E82479B7}.Debug|Any CPU.Build.0 = Debug|Any CPU
		{38A9AE17-7603-4208-89D2-5922E82479B7}.Release|Any CPU.ActiveCfg = Release|Any CPU
		{38A9AE17-7603-4208-89D2-5922E82479B7}.Release|Any CPU.Build.0 = Release|Any CPU
		{8EDF4429-251A-416D-BB68-93F227191BCF}.Debug|Any CPU.ActiveCfg = Debug|Any CPU
		{8EDF4429-251A-416D-BB68-93F227191BCF}.Debug|Any CPU.Build.0 = Debug|Any CPU
		{8EDF4429-251A-416D-BB68-93F227191BCF}.Release|Any CPU.ActiveCfg = Release|Any CPU
		{8EDF4429-251A-416D-BB68-93F227191BCF}.Release|Any CPU.Build.0 = Release|Any CPU
		{02317C94-5588-4333-ABAE-439A38441241}.Debug|Any CPU.ActiveCfg = Debug|Any CPU
		{02317C94-5588-4333-ABAE-439A38441241}.Debug|Any CPU.Build.0 = Debug|Any CPU
		{02317C94-5588-4333-ABAE-439A38441241}.Release|Any CPU.ActiveCfg = Release|Any CPU
		{02317C94-5588-4333-ABAE-439A38441241}.Release|Any CPU.Build.0 = Release|Any CPU
		{A36651C4-31A3-41C7-A54E-C1DF284FC66A}.Debug|Any CPU.ActiveCfg = Debug|Any CPU
		{A36651C4-31A3-41C7-A54E-C1DF284FC66A}.Debug|Any CPU.Build.0 = Debug|Any CPU
		{A36651C4-31A3-41C7-A54E-C1DF284FC66A}.Release|Any CPU.ActiveCfg = Release|Any CPU
		{A36651C4-31A3-41C7-A54E-C1DF284FC66A}.Release|Any CPU.Build.0 = Release|Any CPU
		{AC5CB931-8451-4ED4-920D-DCE5213C3C62}.Debug|Any CPU.ActiveCfg = Debug|Any CPU
		{AC5CB931-8451-4ED4-920D-DCE5213C3C62}.Debug|Any CPU.Build.0 = Debug|Any CPU
		{AC5CB931-8451-4ED4-920D-DCE5213C3C62}.Release|Any CPU.ActiveCfg = Release|Any CPU
		{AC5CB931-8451-4ED4-920D-DCE5213C3C62}.Release|Any CPU.Build.0 = Release|Any CPU
		{6E1A071E-06EE-4EBF-ADA4-12D6ACCAE20E}.Debug|Any CPU.ActiveCfg = Debug|Any CPU
		{6E1A071E-06EE-4EBF-ADA4-12D6ACCAE20E}.Debug|Any CPU.Build.0 = Debug|Any CPU
		{6E1A071E-06EE-4EBF-ADA4-12D6ACCAE20E}.Release|Any CPU.ActiveCfg = Release|Any CPU
		{6E1A071E-06EE-4EBF-ADA4-12D6ACCAE20E}.Release|Any CPU.Build.0 = Release|Any CPU
		{41D8AF71-BCF7-4C91-9BCE-88EAEF3B520F}.Debug|Any CPU.ActiveCfg = Debug|Any CPU
		{41D8AF71-BCF7-4C91-9BCE-88EAEF3B520F}.Debug|Any CPU.Build.0 = Debug|Any CPU
		{41D8AF71-BCF7-4C91-9BCE-88EAEF3B520F}.Release|Any CPU.ActiveCfg = Release|Any CPU
		{41D8AF71-BCF7-4C91-9BCE-88EAEF3B520F}.Release|Any CPU.Build.0 = Release|Any CPU
	EndGlobalSection
	GlobalSection(SolutionProperties) = preSolution
		HideSolutionNode = FALSE
	EndGlobalSection
	GlobalSection(ExtensibilityGlobals) = postSolution
		SolutionGuid = {5858792A-AA2A-492A-9285-8FBE459F4FD1}
	EndGlobalSection
EndGlobal
